
Microsoft Visual Studio Solution File, Format Version 12.00
# Visual Studio 14
VisualStudioVersion = 14.0.25420.1
MinimumVisualStudioVersion = 10.0.40219.1
Project("{FAE04EC0-301F-11D3-BF4B-00C04F79EFBC}") = "ListOfGoods", "ListOfGoods\ListOfGoods\ListOfGoods.csproj", "{8BCB8AA7-52F2-4FF0-8B84-130FDAD8BDE6}"
EndProject
Project("{FAE04EC0-301F-11D3-BF4B-00C04F79EFBC}") = "ListOfGoods.Droid", "ListOfGoods\ListOfGoods.Droid\ListOfGoods.Droid.csproj", "{DB8133E7-4D46-4C5A-91E9-4AA4DB8029F2}"
EndProject
Project("{FAE04EC0-301F-11D3-BF4B-00C04F79EFBC}") = "ListOfGoods.iOS", "ListOfGoods\ListOfGoods.iOS\ListOfGoods.iOS.csproj", "{52C69134-530C-4D02-B801-316D00FF56ED}"
EndProject
Project("{FAE04EC0-301F-11D3-BF4B-00C04F79EFBC}") = "ListOfGoods.WinPhone", "ListOfGoods\ListOfGoods.WinPhone\ListOfGoods.WinPhone.csproj", "{B6C2955C-B801-4269-A9E0-41676D2F496F}"
EndProject
Project("{FAE04EC0-301F-11D3-BF4B-00C04F79EFBC}") = "ListOfGoods.UWP", "ListOfGoods\ListOfGoods.UWP\ListOfGoods.UWP.csproj", "{7D307031-890F-49FC-8AE0-2D88A2980F53}"
EndProject
Project("{FAE04EC0-301F-11D3-BF4B-00C04F79EFBC}") = "ListOfGoods.Windows", "ListOfGoods\ListOfGoods.Windows\ListOfGoods.Windows.csproj", "{C13460E9-795E-4BC7-B607-50CF2DF90F30}"
EndProject
Global
	GlobalSection(SolutionConfigurationPlatforms) = preSolution
		Ad-Hoc|Any CPU = Ad-Hoc|Any CPU
		Ad-Hoc|ARM = Ad-Hoc|ARM
		Ad-Hoc|iPhone = Ad-Hoc|iPhone
		Ad-Hoc|iPhoneSimulator = Ad-Hoc|iPhoneSimulator
		Ad-Hoc|x64 = Ad-Hoc|x64
		Ad-Hoc|x86 = Ad-Hoc|x86
		AppStore|Any CPU = AppStore|Any CPU
		AppStore|ARM = AppStore|ARM
		AppStore|iPhone = AppStore|iPhone
		AppStore|iPhoneSimulator = AppStore|iPhoneSimulator
		AppStore|x64 = AppStore|x64
		AppStore|x86 = AppStore|x86
		Debug|Any CPU = Debug|Any CPU
		Debug|ARM = Debug|ARM
		Debug|iPhone = Debug|iPhone
		Debug|iPhoneSimulator = Debug|iPhoneSimulator
		Debug|x64 = Debug|x64
		Debug|x86 = Debug|x86
		Release|Any CPU = Release|Any CPU
		Release|ARM = Release|ARM
		Release|iPhone = Release|iPhone
		Release|iPhoneSimulator = Release|iPhoneSimulator
		Release|x64 = Release|x64
		Release|x86 = Release|x86
	EndGlobalSection
	GlobalSection(ProjectConfigurationPlatforms) = postSolution
		{8BCB8AA7-52F2-4FF0-8B84-130FDAD8BDE6}.Ad-Hoc|Any CPU.ActiveCfg = Release|Any CPU
		{8BCB8AA7-52F2-4FF0-8B84-130FDAD8BDE6}.Ad-Hoc|Any CPU.Build.0 = Release|Any CPU
		{8BCB8AA7-52F2-4FF0-8B84-130FDAD8BDE6}.Ad-Hoc|ARM.ActiveCfg = Release|Any CPU
		{8BCB8AA7-52F2-4FF0-8B84-130FDAD8BDE6}.Ad-Hoc|ARM.Build.0 = Release|Any CPU
		{8BCB8AA7-52F2-4FF0-8B84-130FDAD8BDE6}.Ad-Hoc|iPhone.ActiveCfg = Release|Any CPU
		{8BCB8AA7-52F2-4FF0-8B84-130FDAD8BDE6}.Ad-Hoc|iPhone.Build.0 = Release|Any CPU
		{8BCB8AA7-52F2-4FF0-8B84-130FDAD8BDE6}.Ad-Hoc|iPhoneSimulator.ActiveCfg = Release|Any CPU
		{8BCB8AA7-52F2-4FF0-8B84-130FDAD8BDE6}.Ad-Hoc|iPhoneSimulator.Build.0 = Release|Any CPU
		{8BCB8AA7-52F2-4FF0-8B84-130FDAD8BDE6}.Ad-Hoc|x64.ActiveCfg = Release|Any CPU
		{8BCB8AA7-52F2-4FF0-8B84-130FDAD8BDE6}.Ad-Hoc|x64.Build.0 = Release|Any CPU
		{8BCB8AA7-52F2-4FF0-8B84-130FDAD8BDE6}.Ad-Hoc|x86.ActiveCfg = Release|Any CPU
		{8BCB8AA7-52F2-4FF0-8B84-130FDAD8BDE6}.Ad-Hoc|x86.Build.0 = Release|Any CPU
		{8BCB8AA7-52F2-4FF0-8B84-130FDAD8BDE6}.AppStore|Any CPU.ActiveCfg = Release|Any CPU
		{8BCB8AA7-52F2-4FF0-8B84-130FDAD8BDE6}.AppStore|Any CPU.Build.0 = Release|Any CPU
		{8BCB8AA7-52F2-4FF0-8B84-130FDAD8BDE6}.AppStore|ARM.ActiveCfg = Release|Any CPU
		{8BCB8AA7-52F2-4FF0-8B84-130FDAD8BDE6}.AppStore|ARM.Build.0 = Release|Any CPU
		{8BCB8AA7-52F2-4FF0-8B84-130FDAD8BDE6}.AppStore|iPhone.ActiveCfg = Release|Any CPU
		{8BCB8AA7-52F2-4FF0-8B84-130FDAD8BDE6}.AppStore|iPhone.Build.0 = Release|Any CPU
		{8BCB8AA7-52F2-4FF0-8B84-130FDAD8BDE6}.AppStore|iPhoneSimulator.ActiveCfg = Release|Any CPU
		{8BCB8AA7-52F2-4FF0-8B84-130FDAD8BDE6}.AppStore|iPhoneSimulator.Build.0 = Release|Any CPU
		{8BCB8AA7-52F2-4FF0-8B84-130FDAD8BDE6}.AppStore|x64.ActiveCfg = Release|Any CPU
		{8BCB8AA7-52F2-4FF0-8B84-130FDAD8BDE6}.AppStore|x64.Build.0 = Release|Any CPU
		{8BCB8AA7-52F2-4FF0-8B84-130FDAD8BDE6}.AppStore|x86.ActiveCfg = Release|Any CPU
		{8BCB8AA7-52F2-4FF0-8B84-130FDAD8BDE6}.AppStore|x86.Build.0 = Release|Any CPU
		{8BCB8AA7-52F2-4FF0-8B84-130FDAD8BDE6}.Debug|Any CPU.ActiveCfg = Debug|Any CPU
		{8BCB8AA7-52F2-4FF0-8B84-130FDAD8BDE6}.Debug|Any CPU.Build.0 = Debug|Any CPU
		{8BCB8AA7-52F2-4FF0-8B84-130FDAD8BDE6}.Debug|ARM.ActiveCfg = Debug|Any CPU
		{8BCB8AA7-52F2-4FF0-8B84-130FDAD8BDE6}.Debug|ARM.Build.0 = Debug|Any CPU
		{8BCB8AA7-52F2-4FF0-8B84-130FDAD8BDE6}.Debug|iPhone.ActiveCfg = Debug|Any CPU
		{8BCB8AA7-52F2-4FF0-8B84-130FDAD8BDE6}.Debug|iPhone.Build.0 = Debug|Any CPU
		{8BCB8AA7-52F2-4FF0-8B84-130FDAD8BDE6}.Debug|iPhoneSimulator.ActiveCfg = Debug|Any CPU
		{8BCB8AA7-52F2-4FF0-8B84-130FDAD8BDE6}.Debug|iPhoneSimulator.Build.0 = Debug|Any CPU
		{8BCB8AA7-52F2-4FF0-8B84-130FDAD8BDE6}.Debug|x64.ActiveCfg = Debug|Any CPU
		{8BCB8AA7-52F2-4FF0-8B84-130FDAD8BDE6}.Debug|x64.Build.0 = Debug|Any CPU
		{8BCB8AA7-52F2-4FF0-8B84-130FDAD8BDE6}.Debug|x86.ActiveCfg = Debug|Any CPU
		{8BCB8AA7-52F2-4FF0-8B84-130FDAD8BDE6}.Debug|x86.Build.0 = Debug|Any CPU
		{8BCB8AA7-52F2-4FF0-8B84-130FDAD8BDE6}.Release|Any CPU.ActiveCfg = Release|Any CPU
		{8BCB8AA7-52F2-4FF0-8B84-130FDAD8BDE6}.Release|Any CPU.Build.0 = Release|Any CPU
		{8BCB8AA7-52F2-4FF0-8B84-130FDAD8BDE6}.Release|ARM.ActiveCfg = Release|Any CPU
		{8BCB8AA7-52F2-4FF0-8B84-130FDAD8BDE6}.Release|ARM.Build.0 = Release|Any CPU
		{8BCB8AA7-52F2-4FF0-8B84-130FDAD8BDE6}.Release|iPhone.ActiveCfg = Release|Any CPU
		{8BCB8AA7-52F2-4FF0-8B84-130FDAD8BDE6}.Release|iPhone.Build.0 = Release|Any CPU
		{8BCB8AA7-52F2-4FF0-8B84-130FDAD8BDE6}.Release|iPhoneSimulator.ActiveCfg = Release|Any CPU
		{8BCB8AA7-52F2-4FF0-8B84-130FDAD8BDE6}.Release|iPhoneSimulator.Build.0 = Release|Any CPU
		{8BCB8AA7-52F2-4FF0-8B84-130FDAD8BDE6}.Release|x64.ActiveCfg = Release|Any CPU
		{8BCB8AA7-52F2-4FF0-8B84-130FDAD8BDE6}.Release|x64.Build.0 = Release|Any CPU
		{8BCB8AA7-52F2-4FF0-8B84-130FDAD8BDE6}.Release|x86.ActiveCfg = Release|Any CPU
		{8BCB8AA7-52F2-4FF0-8B84-130FDAD8BDE6}.Release|x86.Build.0 = Release|Any CPU
		{DB8133E7-4D46-4C5A-91E9-4AA4DB8029F2}.Ad-Hoc|Any CPU.ActiveCfg = Release|Any CPU
		{DB8133E7-4D46-4C5A-91E9-4AA4DB8029F2}.Ad-Hoc|Any CPU.Build.0 = Release|Any CPU
		{DB8133E7-4D46-4C5A-91E9-4AA4DB8029F2}.Ad-Hoc|Any CPU.Deploy.0 = Release|Any CPU
		{DB8133E7-4D46-4C5A-91E9-4AA4DB8029F2}.Ad-Hoc|ARM.ActiveCfg = Release|Any CPU
		{DB8133E7-4D46-4C5A-91E9-4AA4DB8029F2}.Ad-Hoc|ARM.Build.0 = Release|Any CPU
		{DB8133E7-4D46-4C5A-91E9-4AA4DB8029F2}.Ad-Hoc|ARM.Deploy.0 = Release|Any CPU
		{DB8133E7-4D46-4C5A-91E9-4AA4DB8029F2}.Ad-Hoc|iPhone.ActiveCfg = Release|Any CPU
		{DB8133E7-4D46-4C5A-91E9-4AA4DB8029F2}.Ad-Hoc|iPhone.Build.0 = Release|Any CPU
		{DB8133E7-4D46-4C5A-91E9-4AA4DB8029F2}.Ad-Hoc|iPhone.Deploy.0 = Release|Any CPU
		{DB8133E7-4D46-4C5A-91E9-4AA4DB8029F2}.Ad-Hoc|iPhoneSimulator.ActiveCfg = Release|Any CPU
		{DB8133E7-4D46-4C5A-91E9-4AA4DB8029F2}.Ad-Hoc|iPhoneSimulator.Build.0 = Release|Any CPU
		{DB8133E7-4D46-4C5A-91E9-4AA4DB8029F2}.Ad-Hoc|iPhoneSimulator.Deploy.0 = Release|Any CPU
		{DB8133E7-4D46-4C5A-91E9-4AA4DB8029F2}.Ad-Hoc|x64.ActiveCfg = Release|Any CPU
		{DB8133E7-4D46-4C5A-91E9-4AA4DB8029F2}.Ad-Hoc|x64.Build.0 = Release|Any CPU
		{DB8133E7-4D46-4C5A-91E9-4AA4DB8029F2}.Ad-Hoc|x64.Deploy.0 = Release|Any CPU
		{DB8133E7-4D46-4C5A-91E9-4AA4DB8029F2}.Ad-Hoc|x86.ActiveCfg = Release|Any CPU
		{DB8133E7-4D46-4C5A-91E9-4AA4DB8029F2}.Ad-Hoc|x86.Build.0 = Release|Any CPU
		{DB8133E7-4D46-4C5A-91E9-4AA4DB8029F2}.Ad-Hoc|x86.Deploy.0 = Release|Any CPU
		{DB8133E7-4D46-4C5A-91E9-4AA4DB8029F2}.AppStore|Any CPU.ActiveCfg = Release|Any CPU
		{DB8133E7-4D46-4C5A-91E9-4AA4DB8029F2}.AppStore|Any CPU.Build.0 = Release|Any CPU
		{DB8133E7-4D46-4C5A-91E9-4AA4DB8029F2}.AppStore|Any CPU.Deploy.0 = Release|Any CPU
		{DB8133E7-4D46-4C5A-91E9-4AA4DB8029F2}.AppStore|ARM.ActiveCfg = Release|Any CPU
		{DB8133E7-4D46-4C5A-91E9-4AA4DB8029F2}.AppStore|ARM.Build.0 = Release|Any CPU
		{DB8133E7-4D46-4C5A-91E9-4AA4DB8029F2}.AppStore|ARM.Deploy.0 = Release|Any CPU
		{DB8133E7-4D46-4C5A-91E9-4AA4DB8029F2}.AppStore|iPhone.ActiveCfg = Release|Any CPU
		{DB8133E7-4D46-4C5A-91E9-4AA4DB8029F2}.AppStore|iPhone.Build.0 = Release|Any CPU
		{DB8133E7-4D46-4C5A-91E9-4AA4DB8029F2}.AppStore|iPhone.Deploy.0 = Release|Any CPU
		{DB8133E7-4D46-4C5A-91E9-4AA4DB8029F2}.AppStore|iPhoneSimulator.ActiveCfg = Release|Any CPU
		{DB8133E7-4D46-4C5A-91E9-4AA4DB8029F2}.AppStore|iPhoneSimulator.Build.0 = Release|Any CPU
		{DB8133E7-4D46-4C5A-91E9-4AA4DB8029F2}.AppStore|iPhoneSimulator.Deploy.0 = Release|Any CPU
		{DB8133E7-4D46-4C5A-91E9-4AA4DB8029F2}.AppStore|x64.ActiveCfg = Release|Any CPU
		{DB8133E7-4D46-4C5A-91E9-4AA4DB8029F2}.AppStore|x64.Build.0 = Release|Any CPU
		{DB8133E7-4D46-4C5A-91E9-4AA4DB8029F2}.AppStore|x64.Deploy.0 = Release|Any CPU
		{DB8133E7-4D46-4C5A-91E9-4AA4DB8029F2}.AppStore|x86.ActiveCfg = Release|Any CPU
		{DB8133E7-4D46-4C5A-91E9-4AA4DB8029F2}.AppStore|x86.Build.0 = Release|Any CPU
		{DB8133E7-4D46-4C5A-91E9-4AA4DB8029F2}.AppStore|x86.Deploy.0 = Release|Any CPU
		{DB8133E7-4D46-4C5A-91E9-4AA4DB8029F2}.Debug|Any CPU.ActiveCfg = Debug|Any CPU
		{DB8133E7-4D46-4C5A-91E9-4AA4DB8029F2}.Debug|Any CPU.Build.0 = Debug|Any CPU
		{DB8133E7-4D46-4C5A-91E9-4AA4DB8029F2}.Debug|Any CPU.Deploy.0 = Debug|Any CPU
		{DB8133E7-4D46-4C5A-91E9-4AA4DB8029F2}.Debug|ARM.ActiveCfg = Debug|Any CPU
		{DB8133E7-4D46-4C5A-91E9-4AA4DB8029F2}.Debug|ARM.Build.0 = Debug|Any CPU
		{DB8133E7-4D46-4C5A-91E9-4AA4DB8029F2}.Debug|ARM.Deploy.0 = Debug|Any CPU
		{DB8133E7-4D46-4C5A-91E9-4AA4DB8029F2}.Debug|iPhone.ActiveCfg = Debug|Any CPU
		{DB8133E7-4D46-4C5A-91E9-4AA4DB8029F2}.Debug|iPhone.Build.0 = Debug|Any CPU
		{DB8133E7-4D46-4C5A-91E9-4AA4DB8029F2}.Debug|iPhone.Deploy.0 = Debug|Any CPU
		{DB8133E7-4D46-4C5A-91E9-4AA4DB8029F2}.Debug|iPhoneSimulator.ActiveCfg = Debug|Any CPU
		{DB8133E7-4D46-4C5A-91E9-4AA4DB8029F2}.Debug|iPhoneSimulator.Build.0 = Debug|Any CPU
		{DB8133E7-4D46-4C5A-91E9-4AA4DB8029F2}.Debug|iPhoneSimulator.Deploy.0 = Debug|Any CPU
		{DB8133E7-4D46-4C5A-91E9-4AA4DB8029F2}.Debug|x64.ActiveCfg = Debug|Any CPU
		{DB8133E7-4D46-4C5A-91E9-4AA4DB8029F2}.Debug|x64.Build.0 = Debug|Any CPU
		{DB8133E7-4D46-4C5A-91E9-4AA4DB8029F2}.Debug|x64.Deploy.0 = Debug|Any CPU
		{DB8133E7-4D46-4C5A-91E9-4AA4DB8029F2}.Debug|x86.ActiveCfg = Debug|Any CPU
		{DB8133E7-4D46-4C5A-91E9-4AA4DB8029F2}.Debug|x86.Build.0 = Debug|Any CPU
		{DB8133E7-4D46-4C5A-91E9-4AA4DB8029F2}.Debug|x86.Deploy.0 = Debug|Any CPU
		{DB8133E7-4D46-4C5A-91E9-4AA4DB8029F2}.Release|Any CPU.ActiveCfg = Release|Any CPU
		{DB8133E7-4D46-4C5A-91E9-4AA4DB8029F2}.Release|Any CPU.Build.0 = Release|Any CPU
		{DB8133E7-4D46-4C5A-91E9-4AA4DB8029F2}.Release|Any CPU.Deploy.0 = Release|Any CPU
		{DB8133E7-4D46-4C5A-91E9-4AA4DB8029F2}.Release|ARM.ActiveCfg = Release|Any CPU
		{DB8133E7-4D46-4C5A-91E9-4AA4DB8029F2}.Release|ARM.Build.0 = Release|Any CPU
		{DB8133E7-4D46-4C5A-91E9-4AA4DB8029F2}.Release|ARM.Deploy.0 = Release|Any CPU
		{DB8133E7-4D46-4C5A-91E9-4AA4DB8029F2}.Release|iPhone.ActiveCfg = Release|Any CPU
		{DB8133E7-4D46-4C5A-91E9-4AA4DB8029F2}.Release|iPhone.Build.0 = Release|Any CPU
		{DB8133E7-4D46-4C5A-91E9-4AA4DB8029F2}.Release|iPhone.Deploy.0 = Release|Any CPU
		{DB8133E7-4D46-4C5A-91E9-4AA4DB8029F2}.Release|iPhoneSimulator.ActiveCfg = Release|Any CPU
		{DB8133E7-4D46-4C5A-91E9-4AA4DB8029F2}.Release|iPhoneSimulator.Build.0 = Release|Any CPU
		{DB8133E7-4D46-4C5A-91E9-4AA4DB8029F2}.Release|iPhoneSimulator.Deploy.0 = Release|Any CPU
		{DB8133E7-4D46-4C5A-91E9-4AA4DB8029F2}.Release|x64.ActiveCfg = Release|Any CPU
		{DB8133E7-4D46-4C5A-91E9-4AA4DB8029F2}.Release|x64.Build.0 = Release|Any CPU
		{DB8133E7-4D46-4C5A-91E9-4AA4DB8029F2}.Release|x64.Deploy.0 = Release|Any CPU
		{DB8133E7-4D46-4C5A-91E9-4AA4DB8029F2}.Release|x86.ActiveCfg = Release|Any CPU
		{DB8133E7-4D46-4C5A-91E9-4AA4DB8029F2}.Release|x86.Build.0 = Release|Any CPU
		{DB8133E7-4D46-4C5A-91E9-4AA4DB8029F2}.Release|x86.Deploy.0 = Release|Any CPU
		{52C69134-530C-4D02-B801-316D00FF56ED}.Ad-Hoc|Any CPU.ActiveCfg = Ad-Hoc|iPhone
		{52C69134-530C-4D02-B801-316D00FF56ED}.Ad-Hoc|ARM.ActiveCfg = Ad-Hoc|iPhone
		{52C69134-530C-4D02-B801-316D00FF56ED}.Ad-Hoc|iPhone.ActiveCfg = Ad-Hoc|iPhone
		{52C69134-530C-4D02-B801-316D00FF56ED}.Ad-Hoc|iPhone.Build.0 = Ad-Hoc|iPhone
		{52C69134-530C-4D02-B801-316D00FF56ED}.Ad-Hoc|iPhoneSimulator.ActiveCfg = Ad-Hoc|iPhoneSimulator
		{52C69134-530C-4D02-B801-316D00FF56ED}.Ad-Hoc|iPhoneSimulator.Build.0 = Ad-Hoc|iPhoneSimulator
		{52C69134-530C-4D02-B801-316D00FF56ED}.Ad-Hoc|x64.ActiveCfg = Ad-Hoc|iPhone
		{52C69134-530C-4D02-B801-316D00FF56ED}.Ad-Hoc|x86.ActiveCfg = Ad-Hoc|iPhone
		{52C69134-530C-4D02-B801-316D00FF56ED}.AppStore|Any CPU.ActiveCfg = AppStore|iPhone
		{52C69134-530C-4D02-B801-316D00FF56ED}.AppStore|ARM.ActiveCfg = AppStore|iPhone
		{52C69134-530C-4D02-B801-316D00FF56ED}.AppStore|iPhone.ActiveCfg = AppStore|iPhone
		{52C69134-530C-4D02-B801-316D00FF56ED}.AppStore|iPhone.Build.0 = AppStore|iPhone
		{52C69134-530C-4D02-B801-316D00FF56ED}.AppStore|iPhoneSimulator.ActiveCfg = AppStore|iPhoneSimulator
		{52C69134-530C-4D02-B801-316D00FF56ED}.AppStore|iPhoneSimulator.Build.0 = AppStore|iPhoneSimulator
		{52C69134-530C-4D02-B801-316D00FF56ED}.AppStore|x64.ActiveCfg = AppStore|iPhone
		{52C69134-530C-4D02-B801-316D00FF56ED}.AppStore|x86.ActiveCfg = AppStore|iPhone
		{52C69134-530C-4D02-B801-316D00FF56ED}.Debug|Any CPU.ActiveCfg = Debug|iPhone
		{52C69134-530C-4D02-B801-316D00FF56ED}.Debug|ARM.ActiveCfg = Debug|iPhone
		{52C69134-530C-4D02-B801-316D00FF56ED}.Debug|iPhone.ActiveCfg = Debug|iPhone
		{52C69134-530C-4D02-B801-316D00FF56ED}.Debug|iPhone.Build.0 = Debug|iPhone
		{52C69134-530C-4D02-B801-316D00FF56ED}.Debug|iPhoneSimulator.ActiveCfg = Debug|iPhoneSimulator
		{52C69134-530C-4D02-B801-316D00FF56ED}.Debug|iPhoneSimulator.Build.0 = Debug|iPhoneSimulator
		{52C69134-530C-4D02-B801-316D00FF56ED}.Debug|x64.ActiveCfg = Debug|iPhone
		{52C69134-530C-4D02-B801-316D00FF56ED}.Debug|x86.ActiveCfg = Debug|iPhone
		{52C69134-530C-4D02-B801-316D00FF56ED}.Release|Any CPU.ActiveCfg = Release|iPhone
		{52C69134-530C-4D02-B801-316D00FF56ED}.Release|ARM.ActiveCfg = Release|iPhone
		{52C69134-530C-4D02-B801-316D00FF56ED}.Release|iPhone.ActiveCfg = Release|iPhone
		{52C69134-530C-4D02-B801-316D00FF56ED}.Release|iPhone.Build.0 = Release|iPhone
		{52C69134-530C-4D02-B801-316D00FF56ED}.Release|iPhoneSimulator.ActiveCfg = Release|iPhoneSimulator
		{52C69134-530C-4D02-B801-316D00FF56ED}.Release|iPhoneSimulator.Build.0 = Release|iPhoneSimulator
		{52C69134-530C-4D02-B801-316D00FF56ED}.Release|x64.ActiveCfg = Release|iPhone
		{52C69134-530C-4D02-B801-316D00FF56ED}.Release|x86.ActiveCfg = Release|iPhone
		{B6C2955C-B801-4269-A9E0-41676D2F496F}.Ad-Hoc|Any CPU.ActiveCfg = Release|Any CPU
		{B6C2955C-B801-4269-A9E0-41676D2F496F}.Ad-Hoc|Any CPU.Build.0 = Release|Any CPU
		{B6C2955C-B801-4269-A9E0-41676D2F496F}.Ad-Hoc|Any CPU.Deploy.0 = Release|Any CPU
		{B6C2955C-B801-4269-A9E0-41676D2F496F}.Ad-Hoc|ARM.ActiveCfg = Release|ARM
		{B6C2955C-B801-4269-A9E0-41676D2F496F}.Ad-Hoc|ARM.Build.0 = Release|ARM
		{B6C2955C-B801-4269-A9E0-41676D2F496F}.Ad-Hoc|ARM.Deploy.0 = Release|ARM
		{B6C2955C-B801-4269-A9E0-41676D2F496F}.Ad-Hoc|iPhone.ActiveCfg = Release|Any CPU
		{B6C2955C-B801-4269-A9E0-41676D2F496F}.Ad-Hoc|iPhone.Build.0 = Release|Any CPU
		{B6C2955C-B801-4269-A9E0-41676D2F496F}.Ad-Hoc|iPhone.Deploy.0 = Release|Any CPU
		{B6C2955C-B801-4269-A9E0-41676D2F496F}.Ad-Hoc|iPhoneSimulator.ActiveCfg = Release|Any CPU
		{B6C2955C-B801-4269-A9E0-41676D2F496F}.Ad-Hoc|iPhoneSimulator.Build.0 = Release|Any CPU
		{B6C2955C-B801-4269-A9E0-41676D2F496F}.Ad-Hoc|iPhoneSimulator.Deploy.0 = Release|Any CPU
		{B6C2955C-B801-4269-A9E0-41676D2F496F}.Ad-Hoc|x64.ActiveCfg = Release|Any CPU
		{B6C2955C-B801-4269-A9E0-41676D2F496F}.Ad-Hoc|x64.Build.0 = Release|Any CPU
		{B6C2955C-B801-4269-A9E0-41676D2F496F}.Ad-Hoc|x64.Deploy.0 = Release|Any CPU
		{B6C2955C-B801-4269-A9E0-41676D2F496F}.Ad-Hoc|x86.ActiveCfg = Release|x86
		{B6C2955C-B801-4269-A9E0-41676D2F496F}.Ad-Hoc|x86.Build.0 = Release|x86
		{B6C2955C-B801-4269-A9E0-41676D2F496F}.Ad-Hoc|x86.Deploy.0 = Release|x86
		{B6C2955C-B801-4269-A9E0-41676D2F496F}.AppStore|Any CPU.ActiveCfg = Release|Any CPU
		{B6C2955C-B801-4269-A9E0-41676D2F496F}.AppStore|Any CPU.Build.0 = Release|Any CPU
		{B6C2955C-B801-4269-A9E0-41676D2F496F}.AppStore|Any CPU.Deploy.0 = Release|Any CPU
		{B6C2955C-B801-4269-A9E0-41676D2F496F}.AppStore|ARM.ActiveCfg = Release|ARM
		{B6C2955C-B801-4269-A9E0-41676D2F496F}.AppStore|ARM.Build.0 = Release|ARM
		{B6C2955C-B801-4269-A9E0-41676D2F496F}.AppStore|ARM.Deploy.0 = Release|ARM
		{B6C2955C-B801-4269-A9E0-41676D2F496F}.AppStore|iPhone.ActiveCfg = Release|Any CPU
		{B6C2955C-B801-4269-A9E0-41676D2F496F}.AppStore|iPhone.Build.0 = Release|Any CPU
		{B6C2955C-B801-4269-A9E0-41676D2F496F}.AppStore|iPhone.Deploy.0 = Release|Any CPU
		{B6C2955C-B801-4269-A9E0-41676D2F496F}.AppStore|iPhoneSimulator.ActiveCfg = Release|Any CPU
		{B6C2955C-B801-4269-A9E0-41676D2F496F}.AppStore|iPhoneSimulator.Build.0 = Release|Any CPU
		{B6C2955C-B801-4269-A9E0-41676D2F496F}.AppStore|iPhoneSimulator.Deploy.0 = Release|Any CPU
		{B6C2955C-B801-4269-A9E0-41676D2F496F}.AppStore|x64.ActiveCfg = Release|Any CPU
		{B6C2955C-B801-4269-A9E0-41676D2F496F}.AppStore|x64.Build.0 = Release|Any CPU
		{B6C2955C-B801-4269-A9E0-41676D2F496F}.AppStore|x64.Deploy.0 = Release|Any CPU
		{B6C2955C-B801-4269-A9E0-41676D2F496F}.AppStore|x86.ActiveCfg = Release|x86
		{B6C2955C-B801-4269-A9E0-41676D2F496F}.AppStore|x86.Build.0 = Release|x86
		{B6C2955C-B801-4269-A9E0-41676D2F496F}.AppStore|x86.Deploy.0 = Release|x86
		{B6C2955C-B801-4269-A9E0-41676D2F496F}.Debug|Any CPU.ActiveCfg = Debug|Any CPU
		{B6C2955C-B801-4269-A9E0-41676D2F496F}.Debug|Any CPU.Build.0 = Debug|Any CPU
		{B6C2955C-B801-4269-A9E0-41676D2F496F}.Debug|Any CPU.Deploy.0 = Debug|Any CPU
		{B6C2955C-B801-4269-A9E0-41676D2F496F}.Debug|ARM.ActiveCfg = Debug|ARM
		{B6C2955C-B801-4269-A9E0-41676D2F496F}.Debug|ARM.Build.0 = Debug|ARM
		{B6C2955C-B801-4269-A9E0-41676D2F496F}.Debug|ARM.Deploy.0 = Debug|ARM
		{B6C2955C-B801-4269-A9E0-41676D2F496F}.Debug|iPhone.ActiveCfg = Debug|Any CPU
		{B6C2955C-B801-4269-A9E0-41676D2F496F}.Debug|iPhone.Build.0 = Debug|Any CPU
		{B6C2955C-B801-4269-A9E0-41676D2F496F}.Debug|iPhone.Deploy.0 = Debug|Any CPU
		{B6C2955C-B801-4269-A9E0-41676D2F496F}.Debug|iPhoneSimulator.ActiveCfg = Debug|Any CPU
		{B6C2955C-B801-4269-A9E0-41676D2F496F}.Debug|iPhoneSimulator.Build.0 = Debug|Any CPU
		{B6C2955C-B801-4269-A9E0-41676D2F496F}.Debug|iPhoneSimulator.Deploy.0 = Debug|Any CPU
		{B6C2955C-B801-4269-A9E0-41676D2F496F}.Debug|x64.ActiveCfg = Debug|Any CPU
		{B6C2955C-B801-4269-A9E0-41676D2F496F}.Debug|x64.Build.0 = Debug|Any CPU
		{B6C2955C-B801-4269-A9E0-41676D2F496F}.Debug|x64.Deploy.0 = Debug|Any CPU
		{B6C2955C-B801-4269-A9E0-41676D2F496F}.Debug|x86.ActiveCfg = Debug|x86
		{B6C2955C-B801-4269-A9E0-41676D2F496F}.Debug|x86.Build.0 = Debug|x86
		{B6C2955C-B801-4269-A9E0-41676D2F496F}.Debug|x86.Deploy.0 = Debug|x86
		{B6C2955C-B801-4269-A9E0-41676D2F496F}.Release|Any CPU.ActiveCfg = Release|Any CPU
		{B6C2955C-B801-4269-A9E0-41676D2F496F}.Release|Any CPU.Build.0 = Release|Any CPU
		{B6C2955C-B801-4269-A9E0-41676D2F496F}.Release|Any CPU.Deploy.0 = Release|Any CPU
		{B6C2955C-B801-4269-A9E0-41676D2F496F}.Release|ARM.ActiveCfg = Release|ARM
		{B6C2955C-B801-4269-A9E0-41676D2F496F}.Release|ARM.Build.0 = Release|ARM
		{B6C2955C-B801-4269-A9E0-41676D2F496F}.Release|ARM.Deploy.0 = Release|ARM
		{B6C2955C-B801-4269-A9E0-41676D2F496F}.Release|iPhone.ActiveCfg = Release|Any CPU
		{B6C2955C-B801-4269-A9E0-41676D2F496F}.Release|iPhone.Build.0 = Release|Any CPU
		{B6C2955C-B801-4269-A9E0-41676D2F496F}.Release|iPhone.Deploy.0 = Release|Any CPU
		{B6C2955C-B801-4269-A9E0-41676D2F496F}.Release|iPhoneSimulator.ActiveCfg = Release|Any CPU
		{B6C2955C-B801-4269-A9E0-41676D2F496F}.Release|iPhoneSimulator.Build.0 = Release|Any CPU
		{B6C2955C-B801-4269-A9E0-41676D2F496F}.Release|iPhoneSimulator.Deploy.0 = Release|Any CPU
		{B6C2955C-B801-4269-A9E0-41676D2F496F}.Release|x64.ActiveCfg = Release|Any CPU
		{B6C2955C-B801-4269-A9E0-41676D2F496F}.Release|x64.Build.0 = Release|Any CPU
		{B6C2955C-B801-4269-A9E0-41676D2F496F}.Release|x64.Deploy.0 = Release|Any CPU
		{B6C2955C-B801-4269-A9E0-41676D2F496F}.Release|x86.ActiveCfg = Release|x86
		{B6C2955C-B801-4269-A9E0-41676D2F496F}.Release|x86.Build.0 = Release|x86
		{B6C2955C-B801-4269-A9E0-41676D2F496F}.Release|x86.Deploy.0 = Release|x86
		{7D307031-890F-49FC-8AE0-2D88A2980F53}.Ad-Hoc|Any CPU.ActiveCfg = Release|x86
		{7D307031-890F-49FC-8AE0-2D88A2980F53}.Ad-Hoc|Any CPU.Build.0 = Release|x86
		{7D307031-890F-49FC-8AE0-2D88A2980F53}.Ad-Hoc|Any CPU.Deploy.0 = Release|x86
		{7D307031-890F-49FC-8AE0-2D88A2980F53}.Ad-Hoc|ARM.ActiveCfg = Release|ARM
		{7D307031-890F-49FC-8AE0-2D88A2980F53}.Ad-Hoc|ARM.Build.0 = Release|ARM
		{7D307031-890F-49FC-8AE0-2D88A2980F53}.Ad-Hoc|ARM.Deploy.0 = Release|ARM
		{7D307031-890F-49FC-8AE0-2D88A2980F53}.Ad-Hoc|iPhone.ActiveCfg = Release|x86
		{7D307031-890F-49FC-8AE0-2D88A2980F53}.Ad-Hoc|iPhone.Build.0 = Release|x86
		{7D307031-890F-49FC-8AE0-2D88A2980F53}.Ad-Hoc|iPhone.Deploy.0 = Release|x86
		{7D307031-890F-49FC-8AE0-2D88A2980F53}.Ad-Hoc|iPhoneSimulator.ActiveCfg = Release|x86
		{7D307031-890F-49FC-8AE0-2D88A2980F53}.Ad-Hoc|iPhoneSimulator.Build.0 = Release|x86
		{7D307031-890F-49FC-8AE0-2D88A2980F53}.Ad-Hoc|iPhoneSimulator.Deploy.0 = Release|x86
		{7D307031-890F-49FC-8AE0-2D88A2980F53}.Ad-Hoc|x64.ActiveCfg = Release|x64
		{7D307031-890F-49FC-8AE0-2D88A2980F53}.Ad-Hoc|x64.Build.0 = Release|x64
		{7D307031-890F-49FC-8AE0-2D88A2980F53}.Ad-Hoc|x64.Deploy.0 = Release|x64
		{7D307031-890F-49FC-8AE0-2D88A2980F53}.Ad-Hoc|x86.ActiveCfg = Release|x86
		{7D307031-890F-49FC-8AE0-2D88A2980F53}.Ad-Hoc|x86.Build.0 = Release|x86
		{7D307031-890F-49FC-8AE0-2D88A2980F53}.Ad-Hoc|x86.Deploy.0 = Release|x86
		{7D307031-890F-49FC-8AE0-2D88A2980F53}.AppStore|Any CPU.ActiveCfg = Release|x86
		{7D307031-890F-49FC-8AE0-2D88A2980F53}.AppStore|Any CPU.Build.0 = Release|x86
		{7D307031-890F-49FC-8AE0-2D88A2980F53}.AppStore|Any CPU.Deploy.0 = Release|x86
		{7D307031-890F-49FC-8AE0-2D88A2980F53}.AppStore|ARM.ActiveCfg = Release|ARM
		{7D307031-890F-49FC-8AE0-2D88A2980F53}.AppStore|ARM.Build.0 = Release|ARM
		{7D307031-890F-49FC-8AE0-2D88A2980F53}.AppStore|ARM.Deploy.0 = Release|ARM
		{7D307031-890F-49FC-8AE0-2D88A2980F53}.AppStore|iPhone.ActiveCfg = Release|x86
		{7D307031-890F-49FC-8AE0-2D88A2980F53}.AppStore|iPhone.Build.0 = Release|x86
		{7D307031-890F-49FC-8AE0-2D88A2980F53}.AppStore|iPhone.Deploy.0 = Release|x86
		{7D307031-890F-49FC-8AE0-2D88A2980F53}.AppStore|iPhoneSimulator.ActiveCfg = Release|x86
		{7D307031-890F-49FC-8AE0-2D88A2980F53}.AppStore|iPhoneSimulator.Build.0 = Release|x86
		{7D307031-890F-49FC-8AE0-2D88A2980F53}.AppStore|iPhoneSimulator.Deploy.0 = Release|x86
		{7D307031-890F-49FC-8AE0-2D88A2980F53}.AppStore|x64.ActiveCfg = Release|x64
		{7D307031-890F-49FC-8AE0-2D88A2980F53}.AppStore|x64.Build.0 = Release|x64
		{7D307031-890F-49FC-8AE0-2D88A2980F53}.AppStore|x64.Deploy.0 = Release|x64
		{7D307031-890F-49FC-8AE0-2D88A2980F53}.AppStore|x86.ActiveCfg = Release|x86
		{7D307031-890F-49FC-8AE0-2D88A2980F53}.AppStore|x86.Build.0 = Release|x86
		{7D307031-890F-49FC-8AE0-2D88A2980F53}.AppStore|x86.Deploy.0 = Release|x86
		{7D307031-890F-49FC-8AE0-2D88A2980F53}.Debug|Any CPU.ActiveCfg = Debug|x86
		{7D307031-890F-49FC-8AE0-2D88A2980F53}.Debug|Any CPU.Build.0 = Debug|x86
		{7D307031-890F-49FC-8AE0-2D88A2980F53}.Debug|Any CPU.Deploy.0 = Debug|x86
		{7D307031-890F-49FC-8AE0-2D88A2980F53}.Debug|ARM.ActiveCfg = Debug|ARM
		{7D307031-890F-49FC-8AE0-2D88A2980F53}.Debug|ARM.Build.0 = Debug|ARM
		{7D307031-890F-49FC-8AE0-2D88A2980F53}.Debug|ARM.Deploy.0 = Debug|ARM
		{7D307031-890F-49FC-8AE0-2D88A2980F53}.Debug|iPhone.ActiveCfg = Debug|x86
		{7D307031-890F-49FC-8AE0-2D88A2980F53}.Debug|iPhoneSimulator.ActiveCfg = Debug|x86
		{7D307031-890F-49FC-8AE0-2D88A2980F53}.Debug|x64.ActiveCfg = Debug|x64
		{7D307031-890F-49FC-8AE0-2D88A2980F53}.Debug|x64.Build.0 = Debug|x64
		{7D307031-890F-49FC-8AE0-2D88A2980F53}.Debug|x64.Deploy.0 = Debug|x64
		{7D307031-890F-49FC-8AE0-2D88A2980F53}.Debug|x86.ActiveCfg = Debug|x86
		{7D307031-890F-49FC-8AE0-2D88A2980F53}.Debug|x86.Build.0 = Debug|x86
		{7D307031-890F-49FC-8AE0-2D88A2980F53}.Debug|x86.Deploy.0 = Debug|x86
		{7D307031-890F-49FC-8AE0-2D88A2980F53}.Release|Any CPU.ActiveCfg = Release|x86
		{7D307031-890F-49FC-8AE0-2D88A2980F53}.Release|Any CPU.Build.0 = Release|x86
		{7D307031-890F-49FC-8AE0-2D88A2980F53}.Release|Any CPU.Deploy.0 = Release|x86
		{7D307031-890F-49FC-8AE0-2D88A2980F53}.Release|ARM.ActiveCfg = Release|ARM
		{7D307031-890F-49FC-8AE0-2D88A2980F53}.Release|ARM.Build.0 = Release|ARM
		{7D307031-890F-49FC-8AE0-2D88A2980F53}.Release|ARM.Deploy.0 = Release|ARM
		{7D307031-890F-49FC-8AE0-2D88A2980F53}.Release|iPhone.ActiveCfg = Release|x86
		{7D307031-890F-49FC-8AE0-2D88A2980F53}.Release|iPhoneSimulator.ActiveCfg = Release|x86
		{7D307031-890F-49FC-8AE0-2D88A2980F53}.Release|x64.ActiveCfg = Release|x64
		{7D307031-890F-49FC-8AE0-2D88A2980F53}.Release|x64.Build.0 = Release|x64
		{7D307031-890F-49FC-8AE0-2D88A2980F53}.Release|x64.Deploy.0 = Release|x64
		{7D307031-890F-49FC-8AE0-2D88A2980F53}.Release|x86.ActiveCfg = Release|x86
		{7D307031-890F-49FC-8AE0-2D88A2980F53}.Release|x86.Build.0 = Release|x86
		{7D307031-890F-49FC-8AE0-2D88A2980F53}.Release|x86.Deploy.0 = Release|x86
		{C13460E9-795E-4BC7-B607-50CF2DF90F30}.Ad-Hoc|Any CPU.ActiveCfg = Release|Any CPU
		{C13460E9-795E-4BC7-B607-50CF2DF90F30}.Ad-Hoc|Any CPU.Build.0 = Release|Any CPU
		{C13460E9-795E-4BC7-B607-50CF2DF90F30}.Ad-Hoc|Any CPU.Deploy.0 = Release|Any CPU
		{C13460E9-795E-4BC7-B607-50CF2DF90F30}.Ad-Hoc|ARM.ActiveCfg = Release|ARM
		{C13460E9-795E-4BC7-B607-50CF2DF90F30}.Ad-Hoc|ARM.Build.0 = Release|ARM
		{C13460E9-795E-4BC7-B607-50CF2DF90F30}.Ad-Hoc|ARM.Deploy.0 = Release|ARM
		{C13460E9-795E-4BC7-B607-50CF2DF90F30}.Ad-Hoc|iPhone.ActiveCfg = Release|Any CPU
		{C13460E9-795E-4BC7-B607-50CF2DF90F30}.Ad-Hoc|iPhone.Build.0 = Release|Any CPU
		{C13460E9-795E-4BC7-B607-50CF2DF90F30}.Ad-Hoc|iPhone.Deploy.0 = Release|Any CPU
		{C13460E9-795E-4BC7-B607-50CF2DF90F30}.Ad-Hoc|iPhoneSimulator.ActiveCfg = Release|Any CPU
		{C13460E9-795E-4BC7-B607-50CF2DF90F30}.Ad-Hoc|iPhoneSimulator.Build.0 = Release|Any CPU
		{C13460E9-795E-4BC7-B607-50CF2DF90F30}.Ad-Hoc|iPhoneSimulator.Deploy.0 = Release|Any CPU
		{C13460E9-795E-4BC7-B607-50CF2DF90F30}.Ad-Hoc|x64.ActiveCfg = Release|x64
		{C13460E9-795E-4BC7-B607-50CF2DF90F30}.Ad-Hoc|x64.Build.0 = Release|x64
		{C13460E9-795E-4BC7-B607-50CF2DF90F30}.Ad-Hoc|x64.Deploy.0 = Release|x64
		{C13460E9-795E-4BC7-B607-50CF2DF90F30}.Ad-Hoc|x86.ActiveCfg = Release|x86
		{C13460E9-795E-4BC7-B607-50CF2DF90F30}.Ad-Hoc|x86.Build.0 = Release|x86
		{C13460E9-795E-4BC7-B607-50CF2DF90F30}.Ad-Hoc|x86.Deploy.0 = Release|x86
		{C13460E9-795E-4BC7-B607-50CF2DF90F30}.AppStore|Any CPU.ActiveCfg = Release|Any CPU
		{C13460E9-795E-4BC7-B607-50CF2DF90F30}.AppStore|Any CPU.Build.0 = Release|Any CPU
		{C13460E9-795E-4BC7-B607-50CF2DF90F30}.AppStore|Any CPU.Deploy.0 = Release|Any CPU
		{C13460E9-795E-4BC7-B607-50CF2DF90F30}.AppStore|ARM.ActiveCfg = Release|ARM
		{C13460E9-795E-4BC7-B607-50CF2DF90F30}.AppStore|ARM.Build.0 = Release|ARM
		{C13460E9-795E-4BC7-B607-50CF2DF90F30}.AppStore|ARM.Deploy.0 = Release|ARM
		{C13460E9-795E-4BC7-B607-50CF2DF90F30}.AppStore|iPhone.ActiveCfg = Release|Any CPU
		{C13460E9-795E-4BC7-B607-50CF2DF90F30}.AppStore|iPhone.Build.0 = Release|Any CPU
		{C13460E9-795E-4BC7-B607-50CF2DF90F30}.AppStore|iPhone.Deploy.0 = Release|Any CPU
		{C13460E9-795E-4BC7-B607-50CF2DF90F30}.AppStore|iPhoneSimulator.ActiveCfg = Release|Any CPU
		{C13460E9-795E-4BC7-B607-50CF2DF90F30}.AppStore|iPhoneSimulator.Build.0 = Release|Any CPU
		{C13460E9-795E-4BC7-B607-50CF2DF90F30}.AppStore|iPhoneSimulator.Deploy.0 = Release|Any CPU
		{C13460E9-795E-4BC7-B607-50CF2DF90F30}.AppStore|x64.ActiveCfg = Release|x64
		{C13460E9-795E-4BC7-B607-50CF2DF90F30}.AppStore|x64.Build.0 = Release|x64
		{C13460E9-795E-4BC7-B607-50CF2DF90F30}.AppStore|x64.Deploy.0 = Release|x64
		{C13460E9-795E-4BC7-B607-50CF2DF90F30}.AppStore|x86.ActiveCfg = Release|x86
		{C13460E9-795E-4BC7-B607-50CF2DF90F30}.AppStore|x86.Build.0 = Release|x86
		{C13460E9-795E-4BC7-B607-50CF2DF90F30}.AppStore|x86.Deploy.0 = Release|x86
		{C13460E9-795E-4BC7-B607-50CF2DF90F30}.Debug|Any CPU.ActiveCfg = Debug|Any CPU
		{C13460E9-795E-4BC7-B607-50CF2DF90F30}.Debug|Any CPU.Build.0 = Debug|Any CPU
		{C13460E9-795E-4BC7-B607-50CF2DF90F30}.Debug|Any CPU.Deploy.0 = Debug|Any CPU
		{C13460E9-795E-4BC7-B607-50CF2DF90F30}.Debug|ARM.ActiveCfg = Debug|ARM
		{C13460E9-795E-4BC7-B607-50CF2DF90F30}.Debug|ARM.Build.0 = Debug|ARM
		{C13460E9-795E-4BC7-B607-50CF2DF90F30}.Debug|ARM.Deploy.0 = Debug|ARM
		{C13460E9-795E-4BC7-B607-50CF2DF90F30}.Debug|iPhone.ActiveCfg = Debug|Any CPU
		{C13460E9-795E-4BC7-B607-50CF2DF90F30}.Debug|iPhone.Build.0 = Debug|Any CPU
		{C13460E9-795E-4BC7-B607-50CF2DF90F30}.Debug|iPhone.Deploy.0 = Debug|Any CPU
		{C13460E9-795E-4BC7-B607-50CF2DF90F30}.Debug|iPhoneSimulator.ActiveCfg = Debug|Any CPU
		{C13460E9-795E-4BC7-B607-50CF2DF90F30}.Debug|iPhoneSimulator.Build.0 = Debug|Any CPU
		{C13460E9-795E-4BC7-B607-50CF2DF90F30}.Debug|iPhoneSimulator.Deploy.0 = Debug|Any CPU
		{C13460E9-795E-4BC7-B607-50CF2DF90F30}.Debug|x64.ActiveCfg = Debug|x64
		{C13460E9-795E-4BC7-B607-50CF2DF90F30}.Debug|x64.Build.0 = Debug|x64
		{C13460E9-795E-4BC7-B607-50CF2DF90F30}.Debug|x64.Deploy.0 = Debug|x64
		{C13460E9-795E-4BC7-B607-50CF2DF90F30}.Debug|x86.ActiveCfg = Debug|x86
		{C13460E9-795E-4BC7-B607-50CF2DF90F30}.Debug|x86.Build.0 = Debug|x86
		{C13460E9-795E-4BC7-B607-50CF2DF90F30}.Debug|x86.Deploy.0 = Debug|x86
		{C13460E9-795E-4BC7-B607-50CF2DF90F30}.Release|Any CPU.ActiveCfg = Release|Any CPU
		{C13460E9-795E-4BC7-B607-50CF2DF90F30}.Release|Any CPU.Build.0 = Release|Any CPU
		{C13460E9-795E-4BC7-B607-50CF2DF90F30}.Release|Any CPU.Deploy.0 = Release|Any CPU
		{C13460E9-795E-4BC7-B607-50CF2DF90F30}.Release|ARM.ActiveCfg = Release|ARM
		{C13460E9-795E-4BC7-B607-50CF2DF90F30}.Release|ARM.Build.0 = Release|ARM
		{C13460E9-795E-4BC7-B607-50CF2DF90F30}.Release|ARM.Deploy.0 = Release|ARM
		{C13460E9-795E-4BC7-B607-50CF2DF90F30}.Release|iPhone.ActiveCfg = Release|Any CPU
		{C13460E9-795E-4BC7-B607-50CF2DF90F30}.Release|iPhone.Build.0 = Release|Any CPU
		{C13460E9-795E-4BC7-B607-50CF2DF90F30}.Release|iPhone.Deploy.0 = Release|Any CPU
		{C13460E9-795E-4BC7-B607-50CF2DF90F30}.Release|iPhoneSimulator.ActiveCfg = Release|Any CPU
		{C13460E9-795E-4BC7-B607-50CF2DF90F30}.Release|iPhoneSimulator.Build.0 = Release|Any CPU
		{C13460E9-795E-4BC7-B607-50CF2DF90F30}.Release|iPhoneSimulator.Deploy.0 = Release|Any CPU
		{C13460E9-795E-4BC7-B607-50CF2DF90F30}.Release|x64.ActiveCfg = Release|x64
		{C13460E9-795E-4BC7-B607-50CF2DF90F30}.Release|x64.Build.0 = Release|x64
		{C13460E9-795E-4BC7-B607-50CF2DF90F30}.Release|x64.Deploy.0 = Release|x64
		{C13460E9-795E-4BC7-B607-50CF2DF90F30}.Release|x86.ActiveCfg = Release|x86
		{C13460E9-795E-4BC7-B607-50CF2DF90F30}.Release|x86.Build.0 = Release|x86
		{C13460E9-795E-4BC7-B607-50CF2DF90F30}.Release|x86.Deploy.0 = Release|x86
	EndGlobalSection
	GlobalSection(SolutionProperties) = preSolution
		HideSolutionNode = FALSE
	EndGlobalSection
EndGlobal
